
Microsoft Visual Studio Solution File, Format Version 12.00
# Visual Studio Version 16
VisualStudioVersion = 16.0.31702.278
MinimumVisualStudioVersion = 10.0.40219.1
Project("{FAE04EC0-301F-11D3-BF4B-00C04F79EFBC}") = "Send", "Send\Send.csproj", "{17658684-B96C-4F99-8F39-9AAD273CDA38}"
EndProject
Project("{FAE04EC0-301F-11D3-BF4B-00C04F79EFBC}") = "Receive", "Receive\Receive.csproj", "{5A4CE5CB-5215-4312-ABD9-3135437BB539}"
EndProject
Global
	GlobalSection(SolutionConfigurationPlatforms) = preSolution
		Debug|Any CPU = Debug|Any CPU
		Release|Any CPU = Release|Any CPU
	EndGlobalSection
	GlobalSection(ProjectConfigurationPlatforms) = postSolution
		{17658684-B96C-4F99-8F39-9AAD273CDA38}.Debug|Any CPU.ActiveCfg = Debug|Any CPU
		{17658684-B96C-4F99-8F39-9AAD273CDA38}.Debug|Any CPU.Build.0 = Debug|Any CPU
		{17658684-B96C-4F99-8F39-9AAD273CDA38}.Release|Any CPU.ActiveCfg = Release|Any CPU
		{17658684-B96C-4F99-8F39-9AAD273CDA38}.Release|Any CPU.Build.0 = Release|Any CPU
		{5A4CE5CB-5215-4312-ABD9-3135437BB539}.Debug|Any CPU.ActiveCfg = Debug|Any CPU
		{5A4CE5CB-5215-4312-ABD9-3135437BB539}.Debug|Any CPU.Build.0 = Debug|Any CPU
		{5A4CE5CB-5215-4312-ABD9-3135437BB539}.Release|Any CPU.ActiveCfg = Release|Any CPU
		{5A4CE5CB-5215-4312-ABD9-3135437BB539}.Release|Any CPU.Build.0 = Release|Any CPU
	EndGlobalSection
	GlobalSection(SolutionProperties) = preSolution
		HideSolutionNode = FALSE
	EndGlobalSection
	GlobalSection(ExtensibilityGlobals) = postSolution
		SolutionGuid = {04AEC84A-6613-4305-875C-613C8619F4FD}
	EndGlobalSection
EndGlobal
